
Microsoft Visual Studio Solution File, Format Version 12.00
Project("{FAE04EC0-301F-11D3-BF4B-00C04F79EFBC}") = "CleanFtp", "CleanFtp\CleanFtp.csproj", "{EBD0F566-2569-4FBD-A8A1-E35BAB58192C}"
EndProject
Global
	GlobalSection(SolutionConfigurationPlatforms) = preSolution
		Debug|Any CPU = Debug|Any CPU
		Release|Any CPU = Release|Any CPU
	EndGlobalSection
	GlobalSection(ProjectConfigurationPlatforms) = postSolution
		{EBD0F566-2569-4FBD-A8A1-E35BAB58192C}.Debug|Any CPU.ActiveCfg = Debug|Any CPU
		{EBD0F566-2569-4FBD-A8A1-E35BAB58192C}.Debug|Any CPU.Build.0 = Debug|Any CPU
		{EBD0F566-2569-4FBD-A8A1-E35BAB58192C}.Release|Any CPU.ActiveCfg = Release|Any CPU
		{EBD0F566-2569-4FBD-A8A1-E35BAB58192C}.Release|Any CPU.Build.0 = Release|Any CPU
	EndGlobalSection
EndGlobal
